{
  "name": "wispy-rain-6498",
  "version": "1.0.0",
  "lockfileVersion": 2,
  "requires": true,
  "packages": {
    "": {
      "name": "wispy-rain-6498",
      "version": "1.0.0",
      "license": "ISC",
      "dependencies": {
        "pgn-parser": "^2.2.0"
      },
      "devDependencies": {
        "typescript": "^4.7.4"
      }
    },
    "node_modules/pgn-parser": {
      "version": "2.2.0",
      "resolved": "https://registry.npmjs.org/pgn-parser/-/pgn-parser-2.2.0.tgz",
      "integrity": "sha512-cioZtVp+0mzzCwVSxN3RlH0Rr3ds5OyImypr1vAUWs0iUWBnXgUFd8tdup3hGE9ecytiTXzBz1jWabOAkjBG3w==",
      "engines": {
        "node": ">= 6.0.0"
      }
    },
    "node_modules/typescript": {
      "version": "4.7.4",
      "resolved": "https://registry.npmjs.org/typescript/-/typescript-4.7.4.tgz",
      "integrity": "sha512-C0WQT0gezHuw6AdY1M2jxUO83Rjf0HP7Sk1DtXj6j1EwkQNZrHAg2XPWlq62oqEhYvONq5pkC2Y9oPljWToLmQ==",
      "dev": true,
      "bin": {
        "tsc": "bin/tsc",
        "tsserver": "bin/tsserver"
      },
      "engines": {
        "node": ">=4.2.0"
      }
    }
  },
  "dependencies": {
    "pgn-parser": {
      "version": "2.2.0",
      "resolved": "https://registry.npmjs.org/pgn-parser/-/pgn-parser-2.2.0.tgz",
      "integrity": "sha512-cioZtVp+0mzzCwVSxN3RlH0Rr3ds5OyImypr1vAUWs0iUWBnXgUFd8tdup3hGE9ecytiTXzBz1jWabOAkjBG3w=="
    },
    "typescript": {
      "version": "4.7.4",
      "resolved": "https://registry.npmjs.org/typescript/-/typescript-4.7.4.tgz",
      "integrity": "sha512-C0WQT0gezHuw6AdY1M2jxUO83Rjf0HP7Sk1DtXj6j1EwkQNZrHAg2XPWlq62oqEhYvONq5pkC2Y9oPljWToLmQ==",
      "dev": true
    }
  }
}
